lockVersion: 2.0.0
id: 70ebefea-9a6e-4155-8c6a-a1a5d06a5654
management:
  docChecksum: 1bdb7a6f8bf3995d4b40475228403253
  docVersion: 1.0.0
  speakeasyVersion: internal
  generationVersion: 2.258.2
  releaseVersion: 0.8.0
  configChecksum: 914b643211478f9a7a62eac0f6610321
  repoURL: https://github.com/speakeasy-sdks/petstore-java-sdk.git
  repoSubDirectory: .
  published: true
features:
  java:
    core: 3.5.1
    globalServerURLs: 2.82.1
generatedFiles:
  - lib/src/main/java/com/demo/petstore/SDKConfiguration.java
  - lib/src/main/java/com/demo/petstore/Pets.java
  - lib/src/main/java/com/demo/petstore/SwaggerPetstore.java
  - .gitattributes
  - gradle/wrapper/gradle-wrapper.jar
  - gradle/wrapper/gradle-wrapper.properties
  - gradlew
  - gradlew.bat
  - settings.gradle
  - lib/build.gradle
  - lib/src/main/java/com/demo/petstore/utils/DateTimeDeserializer.java
  - lib/src/main/java/com/demo/petstore/utils/DateTimeSerializer.java
  - lib/src/main/java/com/demo/petstore/utils/FormMetadata.java
  - lib/src/main/java/com/demo/petstore/utils/HTTPClient.java
  - lib/src/main/java/com/demo/petstore/utils/HTTPRequest.java
  - lib/src/main/java/com/demo/petstore/utils/HeaderMetadata.java
  - lib/src/main/java/com/demo/petstore/utils/JSON.java
  - lib/src/main/java/com/demo/petstore/utils/Metadata.java
  - lib/src/main/java/com/demo/petstore/utils/MultipartFormMetadata.java
  - lib/src/main/java/com/demo/petstore/utils/PathParamsMetadata.java
  - lib/src/main/java/com/demo/petstore/utils/QueryParameters.java
  - lib/src/main/java/com/demo/petstore/utils/QueryParamsMetadata.java
  - lib/src/main/java/com/demo/petstore/utils/RequestBody.java
  - lib/src/main/java/com/demo/petstore/utils/RequestMetadata.java
  - lib/src/main/java/com/demo/petstore/utils/Security.java
  - lib/src/main/java/com/demo/petstore/utils/SecurityMetadata.java
  - lib/src/main/java/com/demo/petstore/utils/SerializedBody.java
  - lib/src/main/java/com/demo/petstore/utils/SpeakeasyHTTPClient.java
  - lib/src/main/java/com/demo/petstore/utils/SpeakeasyHTTPSecurityClient.java
  - lib/src/main/java/com/demo/petstore/utils/SpeakeasyMetadata.java
  - lib/src/main/java/com/demo/petstore/utils/Types.java
  - lib/src/main/java/com/demo/petstore/utils/Utils.java
  - lib/src/main/java/com/demo/petstore/models/operations/CreatePetsResponse.java
  - lib/src/main/java/com/demo/petstore/models/operations/ListPetsRequest.java
  - lib/src/main/java/com/demo/petstore/models/operations/ListPetsResponse.java
  - lib/src/main/java/com/demo/petstore/models/operations/ShowPetByIdRequest.java
  - lib/src/main/java/com/demo/petstore/models/operations/ShowPetByIdResponse.java
  - lib/src/main/java/com/demo/petstore/models/shared/Error.java
  - lib/src/main/java/com/demo/petstore/models/shared/Pet.java
  - docs/models/operations/CreatePetsResponse.md
  - docs/models/operations/ListPetsRequest.md
  - docs/models/operations/ListPetsResponse.md
  - docs/models/operations/ShowPetByIdRequest.md
  - docs/models/operations/ShowPetByIdResponse.md
  - docs/models/shared/Error.md
  - docs/models/shared/Pet.md
  - docs/sdks/swaggerpetstore/README.md
  - docs/sdks/pets/README.md
  - USAGE.md
